// !$*UTF8*$!
{
	archiveVersion = 1;
	classes = {
	};
	objectVersion = 55;
	objects = {

/* Begin PBXBuildFile section */
		1C3EED2E60DE0C232E2D5F01 /* DetailScreenViewOutput.swift in Sources */ = {isa = PBXBuildFile; fileRef = 7FAFA6CC475C363DAAD08C8A /* DetailScreenViewOutput.swift */; };
		206A85FC15FE18B21C90ED1E /* AddScreenViewInput.swift in Sources */ = {isa = PBXBuildFile; fileRef = 3D4D65AC37CC2FA9C9F04FF8 /* AddScreenViewInput.swift */; };
		2514001476740859B6315426 /* ListScreenViewController.swift in Sources */ = {isa = PBXBuildFile; fileRef = 2A0539407D41199906337AC5 /* ListScreenViewController.swift */; };
		255C21C259BCB0C385F1EB4B /* DetailScreenViewInput.swift in Sources */ = {isa = PBXBuildFile; fileRef = 89516BDB41731A7D165402C4 /* DetailScreenViewInput.swift */; };
		3B2E55CE87FD7D9AFE5387C1 /* ListScreenViewOutput.swift in Sources */ = {isa = PBXBuildFile; fileRef = B68C114E3FF9654E5A717AC7 /* ListScreenViewOutput.swift */; };
		3B42FD2CE28B1A1A638E2F3A /* ListScreenViewInput.swift in Sources */ = {isa = PBXBuildFile; fileRef = 0E73CD46F254F7CE6E40BC21 /* ListScreenViewInput.swift */; };
		40E5E2CC4A9FB94A4A8CA598 /* ListScreenAssembly.swift in Sources */ = {isa = PBXBuildFile; fileRef = A99B7F13ED0249E8452332F2 /* ListScreenAssembly.swift */; };
		4EF12F64AE94D757042C46DA /* DetailScreenPresenter.swift in Sources */ = {isa = PBXBuildFile; fileRef = 7FAEE2E996B87C6570D02309 /* DetailScreenPresenter.swift */; };
		5E3FC7E970499218E904A51C /* AddScreenAssembly.swift in Sources */ = {isa = PBXBuildFile; fileRef = FCFC1DBAF30ABF5A0A5A6FAD /* AddScreenAssembly.swift */; };
		6FE8D872DE13CE60B7DAC5B1 /* DetailScreenAssembly.swift in Sources */ = {isa = PBXBuildFile; fileRef = BF0D9BB1CD28B99245566210 /* DetailScreenAssembly.swift */; };
		73080268C4D804AC86780C41 /* AddScreenRouterInput.swift in Sources */ = {isa = PBXBuildFile; fileRef = DEA7AAA2B7B172468933A296 /* AddScreenRouterInput.swift */; };
		89B9D1B086CF918092325BBF /* AddScreenPresenter.swift in Sources */ = {isa = PBXBuildFile; fileRef = 6FCDABC05A8D1D046810434C /* AddScreenPresenter.swift */; };
		8ADA4205D474272670A4967C /* ListScreenPresenter.swift in Sources */ = {isa = PBXBuildFile; fileRef = 50FB30E4F180513B7D250EB8 /* ListScreenPresenter.swift */; };
		A74C11EEFD823A814BBF910C /* ListScreenRouterInput.swift in Sources */ = {isa = PBXBuildFile; fileRef = B13784C5CCC3133DCDE9BE01 /* ListScreenRouterInput.swift */; };
		B011F67E3B0B7B7A085F5BBD /* AddScreenRouter.swift in Sources */ = {isa = PBXBuildFile; fileRef = 9A65DFF826D22B7FB0E5A52B /* AddScreenRouter.swift */; };
		E3E4E205C4C2A153EDDCFA39 /* AddScreenViewOutput.swift in Sources */ = {isa = PBXBuildFile; fileRef = AA2FA9F342BA4EB24D644CBD /* AddScreenViewOutput.swift */; };
		EA20D7F919B2CE3590FE1D04 /* DetailScreenViewController.swift in Sources */ = {isa = PBXBuildFile; fileRef = E39D7A129FE0AB853A701B97 /* DetailScreenViewController.swift */; };
		EB910FA42C47778002112FE8 /* ListScreenRouter.swift in Sources */ = {isa = PBXBuildFile; fileRef = F1FBDCDF575A95FA58D386FD /* ListScreenRouter.swift */; };
		FA3978812732C8B0005B9747 /* AppDelegate.swift in Sources */ = {isa = PBXBuildFile; fileRef = FA3978802732C8B0005B9747 /* AppDelegate.swift */; };
		FA3978832732C8B0005B9747 /* SceneDelegate.swift in Sources */ = {isa = PBXBuildFile; fileRef = FA3978822732C8B0005B9747 /* SceneDelegate.swift */; };
		FA39788A2732C8B0005B9747 /* Assets.xcassets in Resources */ = {isa = PBXBuildFile; fileRef = FA3978892732C8B0005B9747 /* Assets.xcassets */; };
		FA39788D2732C8B0005B9747 /* LaunchScreen.storyboard in Resources */ = {isa = PBXBuildFile; fileRef = FA39788B2732C8B0005B9747 /* LaunchScreen.storyboard */; };
		FA70852D2778EEEB00CF8457 /* NoteEntity.xcdatamodeld in Sources */ = {isa = PBXBuildFile; fileRef = FA70852B2778EEEB00CF8457 /* NoteEntity.xcdatamodeld */; };
		FA7085302778EF8200CF8457 /* Note+CoreDataClass.swift in Sources */ = {isa = PBXBuildFile; fileRef = FA70852E2778EF8200CF8457 /* Note+CoreDataClass.swift */; };
		FA7085312778EF8200CF8457 /* Note+CoreDataProperties.swift in Sources */ = {isa = PBXBuildFile; fileRef = FA70852F2778EF8200CF8457 /* Note+CoreDataProperties.swift */; };
		FA7085332778F05C00CF8457 /* CoreDataStack.swift in Sources */ = {isa = PBXBuildFile; fileRef = FA7085322778F05C00CF8457 /* CoreDataStack.swift */; };
		FA811CD727342885000553A5 /* UITableViewExtension.swift in Sources */ = {isa = PBXBuildFile; fileRef = FA811CD627342885000553A5 /* UITableViewExtension.swift */; };
		FA8B846E27426D8B0087CD74 /* ThemeProvider.swift in Sources */ = {isa = PBXBuildFile; fileRef = FA8B846D27426D8B0087CD74 /* ThemeProvider.swift */; };
		FA9B202D2737F7D2001883E2 /* AddScreenViewController.swift in Sources */ = {isa = PBXBuildFile; fileRef = FA9B202B2737F7D2001883E2 /* AddScreenViewController.swift */; };
		FA9B202E2737F7D2001883E2 /* AddScreenViewController.xib in Resources */ = {isa = PBXBuildFile; fileRef = FA9B202C2737F7D2001883E2 /* AddScreenViewController.xib */; };
		FAE00766273428E9000DEE89 /* ListTableViewCell.swift in Sources */ = {isa = PBXBuildFile; fileRef = FAE00764273428E9000DEE89 /* ListTableViewCell.swift */; };
		FAE00767273428E9000DEE89 /* ListTableViewCell.xib in Resources */ = {isa = PBXBuildFile; fileRef = FAE00765273428E9000DEE89 /* ListTableViewCell.xib */; };
		FAF675FE2742FB3800F472A4 /* UIWindowExtension.swift in Sources */ = {isa = PBXBuildFile; fileRef = FAF675FD2742FB3800F472A4 /* UIWindowExtension.swift */; };
/* End PBXBuildFile section */

/* Begin PBXFileReference section */
		0E73CD46F254F7CE6E40BC21 /* ListScreenViewInput.swift */ = {isa = PBXFileReference; includeInIndex = 1; lastKnownFileType = sourcecode.swift; path = ListScreenViewInput.swift; sourceTree = "<group>"; };
		2A0539407D41199906337AC5 /* ListScreenViewController.swift */ = {isa = PBXFileReference; includeInIndex = 1; lastKnownFileType = sourcecode.swift; path = ListScreenViewController.swift; sourceTree = "<group>"; };
		3D4D65AC37CC2FA9C9F04FF8 /* AddScreenViewInput.swift */ = {isa = PBXFileReference; includeInIndex = 1; lastKnownFileType = sourcecode.swift; path = AddScreenViewInput.swift; sourceTree = "<group>"; };
		50FB30E4F180513B7D250EB8 /* ListScreenPresenter.swift */ = {isa = PBXFileReference; includeInIndex = 1; lastKnownFileType = sourcecode.swift; path = ListScreenPresenter.swift; sourceTree = "<group>"; };
		6FCDABC05A8D1D046810434C /* AddScreenPresenter.swift */ = {isa = PBXFileReference; includeInIndex = 1; lastKnownFileType = sourcecode.swift; path = AddScreenPresenter.swift; sourceTree = "<group>"; };
		7FAEE2E996B87C6570D02309 /* DetailScreenPresenter.swift */ = {isa = PBXFileReference; includeInIndex = 1; lastKnownFileType = sourcecode.swift; path = DetailScreenPresenter.swift; sourceTree = "<group>"; };
		7FAFA6CC475C363DAAD08C8A /* DetailScreenViewOutput.swift */ = {isa = PBXFileReference; includeInIndex = 1; lastKnownFileType = sourcecode.swift; path = DetailScreenViewOutput.swift; sourceTree = "<group>"; };
		89516BDB41731A7D165402C4 /* DetailScreenViewInput.swift */ = {isa = PBXFileReference; includeInIndex = 1; lastKnownFileType = sourcecode.swift; path = DetailScreenViewInput.swift; sourceTree = "<group>"; };
		9A65DFF826D22B7FB0E5A52B /* AddScreenRouter.swift */ = {isa = PBXFileReference; includeInIndex = 1; lastKnownFileType = sourcecode.swift; path = AddScreenRouter.swift; sourceTree = "<group>"; };
		A99B7F13ED0249E8452332F2 /* ListScreenAssembly.swift */ = {isa = PBXFileReference; includeInIndex = 1; lastKnownFileType = sourcecode.swift; path = ListScreenAssembly.swift; sourceTree = "<group>"; };
		AA2FA9F342BA4EB24D644CBD /* AddScreenViewOutput.swift */ = {isa = PBXFileReference; includeInIndex = 1; lastKnownFileType = sourcecode.swift; path = AddScreenViewOutput.swift; sourceTree = "<group>"; };
		B13784C5CCC3133DCDE9BE01 /* ListScreenRouterInput.swift */ = {isa = PBXFileReference; includeInIndex = 1; lastKnownFileType = sourcecode.swift; path = ListScreenRouterInput.swift; sourceTree = "<group>"; };
		B68C114E3FF9654E5A717AC7 /* ListScreenViewOutput.swift */ = {isa = PBXFileReference; includeInIndex = 1; lastKnownFileType = sourcecode.swift; path = ListScreenViewOutput.swift; sourceTree = "<group>"; };
		BF0D9BB1CD28B99245566210 /* DetailScreenAssembly.swift */ = {isa = PBXFileReference; includeInIndex = 1; lastKnownFileType = sourcecode.swift; path = DetailScreenAssembly.swift; sourceTree = "<group>"; };
		DEA7AAA2B7B172468933A296 /* AddScreenRouterInput.swift */ = {isa = PBXFileReference; includeInIndex = 1; lastKnownFileType = sourcecode.swift; path = AddScreenRouterInput.swift; sourceTree = "<group>"; };
		E39D7A129FE0AB853A701B97 /* DetailScreenViewController.swift */ = {isa = PBXFileReference; includeInIndex = 1; lastKnownFileType = sourcecode.swift; path = DetailScreenViewController.swift; sourceTree = "<group>"; };
		F1FBDCDF575A95FA58D386FD /* ListScreenRouter.swift */ = {isa = PBXFileReference; includeInIndex = 1; lastKnownFileType = sourcecode.swift; path = ListScreenRouter.swift; sourceTree = "<group>"; };
		FA39787D2732C8B0005B9747 /* FinchViperTask.app */ = {isa = PBXFileReference; explicitFileType = wrapper.application; includeInIndex = 0; path = FinchViperTask.app; sourceTree = BUILT_PRODUCTS_DIR; };
		FA3978802732C8B0005B9747 /* AppDelegate.swift */ = {isa = PBXFileReference; lastKnownFileType = sourcecode.swift; path = AppDelegate.swift; sourceTree = "<group>"; };
		FA3978822732C8B0005B9747 /* SceneDelegate.swift */ = {isa = PBXFileReference; lastKnownFileType = sourcecode.swift; path = SceneDelegate.swift; sourceTree = "<group>"; };
		FA3978892732C8B0005B9747 /* Assets.xcassets */ = {isa = PBXFileReference; lastKnownFileType = folder.assetcatalog; path = Assets.xcassets; sourceTree = "<group>"; };
		FA39788C2732C8B0005B9747 /* Base */ = {isa = PBXFileReference; lastKnownFileType = file.storyboard; name = Base; path = Base.lproj/LaunchScreen.storyboard; sourceTree = "<group>"; };
		FA39788E2732C8B0005B9747 /* Info.plist */ = {isa = PBXFileReference; lastKnownFileType = text.plist.xml; path = Info.plist; sourceTree = "<group>"; };
		FA70852C2778EEEB00CF8457 /* NoteEntity.xcdatamodel */ = {isa = PBXFileReference; lastKnownFileType = wrapper.xcdatamodel; path = NoteEntity.xcdatamodel; sourceTree = "<group>"; };
		FA70852E2778EF8200CF8457 /* Note+CoreDataClass.swift */ = {isa = PBXFileReference; lastKnownFileType = sourcecode.swift; path = "Note+CoreDataClass.swift"; sourceTree = "<group>"; };
		FA70852F2778EF8200CF8457 /* Note+CoreDataProperties.swift */ = {isa = PBXFileReference; lastKnownFileType = sourcecode.swift; path = "Note+CoreDataProperties.swift"; sourceTree = "<group>"; };
		FA7085322778F05C00CF8457 /* CoreDataStack.swift */ = {isa = PBXFileReference; lastKnownFileType = sourcecode.swift; path = CoreDataStack.swift; sourceTree = "<group>"; };
		FA811CD627342885000553A5 /* UITableViewExtension.swift */ = {isa = PBXFileReference; lastKnownFileType = sourcecode.swift; path = UITableViewExtension.swift; sourceTree = "<group>"; };
		FA8B846D27426D8B0087CD74 /* ThemeProvider.swift */ = {isa = PBXFileReference; lastKnownFileType = sourcecode.swift; path = ThemeProvider.swift; sourceTree = "<group>"; };
		FA9B202B2737F7D2001883E2 /* AddScreenViewController.swift */ = {isa = PBXFileReference; lastKnownFileType = sourcecode.swift; path = AddScreenViewController.swift; sourceTree = "<group>"; };
		FA9B202C2737F7D2001883E2 /* AddScreenViewController.xib */ = {isa = PBXFileReference; lastKnownFileType = file.xib; path = AddScreenViewController.xib; sourceTree = "<group>"; };
		FAE00764273428E9000DEE89 /* ListTableViewCell.swift */ = {isa = PBXFileReference; lastKnownFileType = sourcecode.swift; path = ListTableViewCell.swift; sourceTree = "<group>"; };
		FAE00765273428E9000DEE89 /* ListTableViewCell.xib */ = {isa = PBXFileReference; lastKnownFileType = file.xib; path = ListTableViewCell.xib; sourceTree = "<group>"; };
		FAF675FD2742FB3800F472A4 /* UIWindowExtension.swift */ = {isa = PBXFileReference; lastKnownFileType = sourcecode.swift; path = UIWindowExtension.swift; sourceTree = "<group>"; };
		FCFC1DBAF30ABF5A0A5A6FAD /* AddScreenAssembly.swift */ = {isa = PBXFileReference; includeInIndex = 1; lastKnownFileType = sourcecode.swift; path = AddScreenAssembly.swift; sourceTree = "<group>"; };
/* End PBXFileReference section */

/* Begin PBXFrameworksBuildPhase section */
		FA39787A2732C8B0005B9747 /* Frameworks */ = {
			isa = PBXFrameworksBuildPhase;
			buildActionMask = 2147483647;
			files = (
			);
			runOnlyForDeploymentPostprocessing = 0;
		};
/* End PBXFrameworksBuildPhase section */

/* Begin PBXGroup section */
		0ABC6D2C0DAA3804B3C5C664 /* Presenter */ = {
			isa = PBXGroup;
			children = (
				327409DA3B1949B4EF5F57B1 /* Outputs */,
				6FCDABC05A8D1D046810434C /* AddScreenPresenter.swift */,
			);
			path = Presenter;
			sourceTree = "<group>";
		};
		0C9912B532E34B8FB0200D92 /* Presenter */ = {
			isa = PBXGroup;
			children = (
				D0F9C43DC027EF747CAB4E25 /* Outputs */,
				7FAEE2E996B87C6570D02309 /* DetailScreenPresenter.swift */,
			);
			path = Presenter;
			sourceTree = "<group>";
		};
		327409DA3B1949B4EF5F57B1 /* Outputs */ = {
			isa = PBXGroup;
			children = (
				AA2FA9F342BA4EB24D644CBD /* AddScreenViewOutput.swift */,
			);
			path = Outputs;
			sourceTree = "<group>";
		};
		39DF3ED4F47CE1D107DA7C19 /* Outputs */ = {
			isa = PBXGroup;
			children = (
				B68C114E3FF9654E5A717AC7 /* ListScreenViewOutput.swift */,
			);
			path = Outputs;
			sourceTree = "<group>";
		};
		8385CE17758E84FEA0DBB671 /* View */ = {
			isa = PBXGroup;
			children = (
				3D4D65AC37CC2FA9C9F04FF8 /* AddScreenViewInput.swift */,
				FA9B202B2737F7D2001883E2 /* AddScreenViewController.swift */,
				FA9B202C2737F7D2001883E2 /* AddScreenViewController.xib */,
			);
			path = View;
			sourceTree = "<group>";
		};
		86D46D5361FD0D22F4DD3924 /* View */ = {
			isa = PBXGroup;
			children = (
				89516BDB41731A7D165402C4 /* DetailScreenViewInput.swift */,
				E39D7A129FE0AB853A701B97 /* DetailScreenViewController.swift */,
			);
			path = View;
			sourceTree = "<group>";
		};
		A043C6D8A9019151A11CAA7D /* View */ = {
			isa = PBXGroup;
			children = (
				FAE00763273428D4000DEE89 /* Cell */,
				0E73CD46F254F7CE6E40BC21 /* ListScreenViewInput.swift */,
				2A0539407D41199906337AC5 /* ListScreenViewController.swift */,
			);
			path = View;
			sourceTree = "<group>";
		};
		CF0CA1572E5DA2B16E34E7F9 /* AddScreen */ = {
			isa = PBXGroup;
			children = (
				E1D9BE768AC7349AA4D5B6E9 /* Wireframe */,
				0ABC6D2C0DAA3804B3C5C664 /* Presenter */,
				8385CE17758E84FEA0DBB671 /* View */,
			);
			path = AddScreen;
			sourceTree = "<group>";
		};
		D0F9C43DC027EF747CAB4E25 /* Outputs */ = {
			isa = PBXGroup;
			children = (
				7FAFA6CC475C363DAAD08C8A /* DetailScreenViewOutput.swift */,
			);
			path = Outputs;
			sourceTree = "<group>";
		};
		D8336AAED277BE4EE9316BF1 /* Wireframe */ = {
			isa = PBXGroup;
			children = (
				A99B7F13ED0249E8452332F2 /* ListScreenAssembly.swift */,
				B13784C5CCC3133DCDE9BE01 /* ListScreenRouterInput.swift */,
				F1FBDCDF575A95FA58D386FD /* ListScreenRouter.swift */,
			);
			path = Wireframe;
			sourceTree = "<group>";
		};
		E0E4E3AC896C1AC18445CB27 /* ListScreen */ = {
			isa = PBXGroup;
			children = (
				D8336AAED277BE4EE9316BF1 /* Wireframe */,
				F8FFBE92A46E10B3C614F1F8 /* Presenter */,
				A043C6D8A9019151A11CAA7D /* View */,
			);
			path = ListScreen;
			sourceTree = "<group>";
		};
		E1D9BE768AC7349AA4D5B6E9 /* Wireframe */ = {
			isa = PBXGroup;
			children = (
				FCFC1DBAF30ABF5A0A5A6FAD /* AddScreenAssembly.swift */,
				DEA7AAA2B7B172468933A296 /* AddScreenRouterInput.swift */,
				9A65DFF826D22B7FB0E5A52B /* AddScreenRouter.swift */,
			);
			path = Wireframe;
			sourceTree = "<group>";
		};
		E35352B7D64BF1CC06FBB5C3 /* DetailScreen */ = {
			isa = PBXGroup;
			children = (
				FF9D497E2CA9CC188879AF76 /* Wireframe */,
				0C9912B532E34B8FB0200D92 /* Presenter */,
				86D46D5361FD0D22F4DD3924 /* View */,
			);
			path = DetailScreen;
			sourceTree = "<group>";
		};
		F8FFBE92A46E10B3C614F1F8 /* Presenter */ = {
			isa = PBXGroup;
			children = (
				39DF3ED4F47CE1D107DA7C19 /* Outputs */,
				50FB30E4F180513B7D250EB8 /* ListScreenPresenter.swift */,
			);
			path = Presenter;
			sourceTree = "<group>";
		};
		FA050D162742ADEF00CD8B03 /* Service */ = {
			isa = PBXGroup;
			children = (
				FA8B846D27426D8B0087CD74 /* ThemeProvider.swift */,
				FA7085322778F05C00CF8457 /* CoreDataStack.swift */,
			);
			path = Service;
			sourceTree = "<group>";
		};
		FA3978742732C8B0005B9747 = {
			isa = PBXGroup;
			children = (
				FA39787F2732C8B0005B9747 /* FinchViperTask */,
				FA39787E2732C8B0005B9747 /* Products */,
			);
			sourceTree = "<group>";
		};
		FA39787E2732C8B0005B9747 /* Products */ = {
			isa = PBXGroup;
			children = (
				FA39787D2732C8B0005B9747 /* FinchViperTask.app */,
			);
			name = Products;
			sourceTree = "<group>";
		};
		FA39787F2732C8B0005B9747 /* FinchViperTask */ = {
			isa = PBXGroup;
			children = (
				FA3978942732C9AA005B9747 /* App */,
				FA811CD52734285C000553A5 /* Extensions */,
				FA811CD427341693000553A5 /* Modules */,
				FAA5A2BC273665AF00B0874E /* Entity */,
				FA050D162742ADEF00CD8B03 /* Service */,
				FA3978892732C8B0005B9747 /* Assets.xcassets */,
				FA39788E2732C8B0005B9747 /* Info.plist */,
			);
			path = FinchViperTask;
			sourceTree = "<group>";
		};
		FA3978942732C9AA005B9747 /* App */ = {
			isa = PBXGroup;
			children = (
				FA3978802732C8B0005B9747 /* AppDelegate.swift */,
				FA3978822732C8B0005B9747 /* SceneDelegate.swift */,
				FA39788B2732C8B0005B9747 /* LaunchScreen.storyboard */,
			);
			path = App;
			sourceTree = "<group>";
		};
		FA811CD427341693000553A5 /* Modules */ = {
			isa = PBXGroup;
			children = (
				E0E4E3AC896C1AC18445CB27 /* ListScreen */,
				CF0CA1572E5DA2B16E34E7F9 /* AddScreen */,
				E35352B7D64BF1CC06FBB5C3 /* DetailScreen */,
			);
			path = Modules;
			sourceTree = "<group>";
		};
		FA811CD52734285C000553A5 /* Extensions */ = {
			isa = PBXGroup;
			children = (
				FA811CD627342885000553A5 /* UITableViewExtension.swift */,
				FAF675FD2742FB3800F472A4 /* UIWindowExtension.swift */,
			);
			path = Extensions;
			sourceTree = "<group>";
		};
		FAA5A2BC273665AF00B0874E /* Entity */ = {
			isa = PBXGroup;
			children = (
				FA70852E2778EF8200CF8457 /* Note+CoreDataClass.swift */,
				FA70852F2778EF8200CF8457 /* Note+CoreDataProperties.swift */,
				FA70852B2778EEEB00CF8457 /* NoteEntity.xcdatamodeld */,
			);
			path = Entity;
			sourceTree = "<group>";
		};
		FAE00763273428D4000DEE89 /* Cell */ = {
			isa = PBXGroup;
			children = (
				FAE00764273428E9000DEE89 /* ListTableViewCell.swift */,
				FAE00765273428E9000DEE89 /* ListTableViewCell.xib */,
			);
			path = Cell;
			sourceTree = "<group>";
		};
		FF9D497E2CA9CC188879AF76 /* Wireframe */ = {
			isa = PBXGroup;
			children = (
				BF0D9BB1CD28B99245566210 /* DetailScreenAssembly.swift */,
			);
			path = Wireframe;
			sourceTree = "<group>";
		};
/* End PBXGroup section */

/* Begin PBXNativeTarget section */
		FA39787C2732C8B0005B9747 /* FinchViperTask */ = {
			isa = PBXNativeTarget;
			buildConfigurationList = FA3978912732C8B0005B9747 /* Build configuration list for PBXNativeTarget "FinchViperTask" */;
			buildPhases = (
				FA3978792732C8B0005B9747 /* Sources */,
				FA39787A2732C8B0005B9747 /* Frameworks */,
				FA39787B2732C8B0005B9747 /* Resources */,
				FA3978952732CA71005B9747 /* ShellScript */,
			);
			buildRules = (
			);
			dependencies = (
			);
			name = FinchViperTask;
			productName = FinchViperTask;
			productReference = FA39787D2732C8B0005B9747 /* FinchViperTask.app */;
			productType = "com.apple.product-type.application";
		};
/* End PBXNativeTarget section */

/* Begin PBXProject section */
		FA3978752732C8B0005B9747 /* Project object */ = {
			isa = PBXProject;
			attributes = {
				BuildIndependentTargetsInParallel = 1;
				LastSwiftUpdateCheck = 1310;
				LastUpgradeCheck = 1310;
				TargetAttributes = {
					FA39787C2732C8B0005B9747 = {
						CreatedOnToolsVersion = 13.1;
					};
				};
			};
			buildConfigurationList = FA3978782732C8B0005B9747 /* Build configuration list for PBXProject "FinchViperTask" */;
			compatibilityVersion = "Xcode 13.0";
			developmentRegion = en;
			hasScannedForEncodings = 0;
			knownRegions = (
				en,
				Base,
			);
			mainGroup = FA3978742732C8B0005B9747;
			productRefGroup = FA39787E2732C8B0005B9747 /* Products */;
			projectDirPath = "";
			projectRoot = "";
			targets = (
				FA39787C2732C8B0005B9747 /* FinchViperTask */,
			);
		};
/* End PBXProject section */

/* Begin PBXResourcesBuildPhase section */
		FA39787B2732C8B0005B9747 /* Resources */ = {
			isa = PBXResourcesBuildPhase;
			buildActionMask = 2147483647;
			files = (
				FA9B202E2737F7D2001883E2 /* AddScreenViewController.xib in Resources */,
				FA39788D2732C8B0005B9747 /* LaunchScreen.storyboard in Resources */,
				FAE00767273428E9000DEE89 /* ListTableViewCell.xib in Resources */,
				FA39788A2732C8B0005B9747 /* Assets.xcassets in Resources */,
			);
			runOnlyForDeploymentPostprocessing = 0;
		};
/* End PBXResourcesBuildPhase section */

/* Begin PBXShellScriptBuildPhase section */
		FA3978952732CA71005B9747 /* ShellScript */ = {
			isa = PBXShellScriptBuildPhase;
			buildActionMask = 2147483647;
			files = (
			);
			inputFileListPaths = (
			);
			inputPaths = (
			);
			outputFileListPaths = (
			);
			outputPaths = (
			);
			runOnlyForDeploymentPostprocessing = 0;
			shellPath = /bin/sh;
			shellScript = "# Adds support for Apple Silicon brew directory\nexport PATH=\"$PATH:/opt/homebrew/bin\"\n\nif which swiftlint; then\n    swiftlint autocorrect && swiftlint\nelse\n  echo \"warning: SwiftLint not installed, download from https://github.com/realm/SwiftLint\"\nfi\n";
		};
/* End PBXShellScriptBuildPhase section */

/* Begin PBXSourcesBuildPhase section */
		FA3978792732C8B0005B9747 /* Sources */ = {
			isa = PBXSourcesBuildPhase;
			buildActionMask = 2147483647;
			files = (
				FA3978812732C8B0005B9747 /* AppDelegate.swift in Sources */,
				FA7085302778EF8200CF8457 /* Note+CoreDataClass.swift in Sources */,
				FA3978832732C8B0005B9747 /* SceneDelegate.swift in Sources */,
				FAE00766273428E9000DEE89 /* ListTableViewCell.swift in Sources */,
				FA7085312778EF8200CF8457 /* Note+CoreDataProperties.swift in Sources */,
				40E5E2CC4A9FB94A4A8CA598 /* ListScreenAssembly.swift in Sources */,
				A74C11EEFD823A814BBF910C /* ListScreenRouterInput.swift in Sources */,
				EB910FA42C47778002112FE8 /* ListScreenRouter.swift in Sources */,
				FA9B202D2737F7D2001883E2 /* AddScreenViewController.swift in Sources */,
				3B2E55CE87FD7D9AFE5387C1 /* ListScreenViewOutput.swift in Sources */,
				FA8B846E27426D8B0087CD74 /* ThemeProvider.swift in Sources */,
				8ADA4205D474272670A4967C /* ListScreenPresenter.swift in Sources */,
				3B42FD2CE28B1A1A638E2F3A /* ListScreenViewInput.swift in Sources */,
				2514001476740859B6315426 /* ListScreenViewController.swift in Sources */,
				FA7085332778F05C00CF8457 /* CoreDataStack.swift in Sources */,
				5E3FC7E970499218E904A51C /* AddScreenAssembly.swift in Sources */,
				73080268C4D804AC86780C41 /* AddScreenRouterInput.swift in Sources */,
				FA811CD727342885000553A5 /* UITableViewExtension.swift in Sources */,
				FA70852D2778EEEB00CF8457 /* NoteEntity.xcdatamodeld in Sources */,
				B011F67E3B0B7B7A085F5BBD /* AddScreenRouter.swift in Sources */,
				FAF675FE2742FB3800F472A4 /* UIWindowExtension.swift in Sources */,
				E3E4E205C4C2A153EDDCFA39 /* AddScreenViewOutput.swift in Sources */,
				89B9D1B086CF918092325BBF /* AddScreenPresenter.swift in Sources */,
				206A85FC15FE18B21C90ED1E /* AddScreenViewInput.swift in Sources */,
				6FE8D872DE13CE60B7DAC5B1 /* DetailScreenAssembly.swift in Sources */,
				1C3EED2E60DE0C232E2D5F01 /* DetailScreenViewOutput.swift in Sources */,
				4EF12F64AE94D757042C46DA /* DetailScreenPresenter.swift in Sources */,
				255C21C259BCB0C385F1EB4B /* DetailScreenViewInput.swift in Sources */,
				EA20D7F919B2CE3590FE1D04 /* DetailScreenViewController.swift in Sources */,
			);
			runOnlyForDeploymentPostprocessing = 0;
		};
/* End PBXSourcesBuildPhase section */

/* Begin PBXVariantGroup section */
		FA39788B2732C8B0005B9747 /* LaunchScreen.storyboard */ = {
			isa = PBXVariantGroup;
			children = (
				FA39788C2732C8B0005B9747 /* Base */,
			);
			name = LaunchScreen.storyboard;
			sourceTree = "<group>";
		};
/* End PBXVariantGroup section */

/* Begin XCBuildConfiguration section */
		FA39788F2732C8B0005B9747 /* Debug */ = {
			isa = XCBuildConfiguration;
			buildSettings = {
				ALWAYS_SEARCH_USER_PATHS = NO;
				CLANG_ANALYZER_NONNULL = YES;
				CLANG_ANALYZER_NUMBER_OBJECT_CONVERSION = YES_AGGRESSIVE;
				CLANG_CXX_LANGUAGE_STANDARD = "gnu++17";
				CLANG_CXX_LIBRARY = "libc++";
				CLANG_ENABLE_MODULES = YES;
				CLANG_ENABLE_OBJC_ARC = YES;
				CLANG_ENABLE_OBJC_WEAK = YES;
				CLANG_WARN_BLOCK_CAPTURE_AUTORELEASING = YES;
				CLANG_WARN_BOOL_CONVERSION = YES;
				CLANG_WARN_COMMA = YES;
				CLANG_WARN_CONSTANT_CONVERSION = YES;
				CLANG_WARN_DEPRECATED_OBJC_IMPLEMENTATIONS = YES;
				CLANG_WARN_DIRECT_OBJC_ISA_USAGE = YES_ERROR;
				CLANG_WARN_DOCUMENTATION_COMMENTS = YES;
				CLANG_WARN_EMPTY_BODY = YES;
				CLANG_WARN_ENUM_CONVERSION = YES;
				CLANG_WARN_INFINITE_RECURSION = YES;
				CLANG_WARN_INT_CONVERSION = YES;
				CLANG_WARN_NON_LITERAL_NULL_CONVERSION = YES;
				CLANG_WARN_OBJC_IMPLICIT_RETAIN_SELF = YES;
				CLANG_WARN_OBJC_LITERAL_CONVERSION = YES;
				CLANG_WARN_OBJC_ROOT_CLASS = YES_ERROR;
				CLANG_WARN_QUOTED_INCLUDE_IN_FRAMEWORK_HEADER = YES;
				CLANG_WARN_RANGE_LOOP_ANALYSIS = YES;
				CLANG_WARN_STRICT_PROTOTYPES = YES;
				CLANG_WARN_SUSPICIOUS_MOVE = YES;
				CLANG_WARN_UNGUARDED_AVAILABILITY = YES_AGGRESSIVE;
				CLANG_WARN_UNREACHABLE_CODE = YES;
				CLANG_WARN__DUPLICATE_METHOD_MATCH = YES;
				COPY_PHASE_STRIP = NO;
				DEBUG_INFORMATION_FORMAT = dwarf;
				ENABLE_STRICT_OBJC_MSGSEND = YES;
				ENABLE_TESTABILITY = YES;
				GCC_C_LANGUAGE_STANDARD = gnu11;
				GCC_DYNAMIC_NO_PIC = NO;
				GCC_NO_COMMON_BLOCKS = YES;
				GCC_OPTIMIZATION_LEVEL = 0;
				GCC_PREPROCESSOR_DEFINITIONS = (
					"DEBUG=1",
					"$(inherited)",
				);
				GCC_WARN_64_TO_32_BIT_CONVERSION = YES;
				GCC_WARN_ABOUT_RETURN_TYPE = YES_ERROR;
				GCC_WARN_UNDECLARED_SELECTOR = YES;
				GCC_WARN_UNINITIALIZED_AUTOS = YES_AGGRESSIVE;
				GCC_WARN_UNUSED_FUNCTION = YES;
				GCC_WARN_UNUSED_VARIABLE = YES;
				IPHONEOS_DEPLOYMENT_TARGET = 12.4;
				MTL_ENABLE_DEBUG_INFO = INCLUDE_SOURCE;
				MTL_FAST_MATH = YES;
				ONLY_ACTIVE_ARCH = YES;
				SDKROOT = iphoneos;
				SWIFT_ACTIVE_COMPILATION_CONDITIONS = DEBUG;
				SWIFT_OPTIMIZATION_LEVEL = "-Onone";
			};
			name = Debug;
		};
		FA3978902732C8B0005B9747 /* Release */ = {
			isa = XCBuildConfiguration;
			buildSettings = {
				ALWAYS_SEARCH_USER_PATHS = NO;
				CLANG_ANALYZER_NONNULL = YES;
				CLANG_ANALYZER_NUMBER_OBJECT_CONVERSION = YES_AGGRESSIVE;
				CLANG_CXX_LANGUAGE_STANDARD = "gnu++17";
				CLANG_CXX_LIBRARY = "libc++";
				CLANG_ENABLE_MODULES = YES;
				CLANG_ENABLE_OBJC_ARC = YES;
				CLANG_ENABLE_OBJC_WEAK = YES;
				CLANG_WARN_BLOCK_CAPTURE_AUTORELEASING = YES;
				CLANG_WARN_BOOL_CONVERSION = YES;
				CLANG_WARN_COMMA = YES;
				CLANG_WARN_CONSTANT_CONVERSION = YES;
				CLANG_WARN_DEPRECATED_OBJC_IMPLEMENTATIONS = YES;
				CLANG_WARN_DIRECT_OBJC_ISA_USAGE = YES_ERROR;
				CLANG_WARN_DOCUMENTATION_COMMENTS = YES;
				CLANG_WARN_EMPTY_BODY = YES;
				CLANG_WARN_ENUM_CONVERSION = YES;
				CLANG_WARN_INFINITE_RECURSION = YES;
				CLANG_WARN_INT_CONVERSION = YES;
				CLANG_WARN_NON_LITERAL_NULL_CONVERSION = YES;
				CLANG_WARN_OBJC_IMPLICIT_RETAIN_SELF = YES;
				CLANG_WARN_OBJC_LITERAL_CONVERSION = YES;
				CLANG_WARN_OBJC_ROOT_CLASS = YES_ERROR;
				CLANG_WARN_QUOTED_INCLUDE_IN_FRAMEWORK_HEADER = YES;
				CLANG_WARN_RANGE_LOOP_ANALYSIS = YES;
				CLANG_WARN_STRICT_PROTOTYPES = YES;
				CLANG_WARN_SUSPICIOUS_MOVE = YES;
				CLANG_WARN_UNGUARDED_AVAILABILITY = YES_AGGRESSIVE;
				CLANG_WARN_UNREACHABLE_CODE = YES;
				CLANG_WARN__DUPLICATE_METHOD_MATCH = YES;
				COPY_PHASE_STRIP = NO;
				DEBUG_INFORMATION_FORMAT = "dwarf-with-dsym";
				ENABLE_NS_ASSERTIONS = NO;
				ENABLE_STRICT_OBJC_MSGSEND = YES;
				GCC_C_LANGUAGE_STANDARD = gnu11;
				GCC_NO_COMMON_BLOCKS = YES;
				GCC_WARN_64_TO_32_BIT_CONVERSION = YES;
				GCC_WARN_ABOUT_RETURN_TYPE = YES_ERROR;
				GCC_WARN_UNDECLARED_SELECTOR = YES;
				GCC_WARN_UNINITIALIZED_AUTOS = YES_AGGRESSIVE;
				GCC_WARN_UNUSED_FUNCTION = YES;
				GCC_WARN_UNUSED_VARIABLE = YES;
				IPHONEOS_DEPLOYMENT_TARGET = 12.4;
				MTL_ENABLE_DEBUG_INFO = NO;
				MTL_FAST_MATH = YES;
				SDKROOT = iphoneos;
				SWIFT_COMPILATION_MODE = wholemodule;
				SWIFT_OPTIMIZATION_LEVEL = "-O";
				VALIDATE_PRODUCT = YES;
			};
			name = Release;
		};
		FA3978922732C8B0005B9747 /* Debug */ = {
			isa = XCBuildConfiguration;
			buildSettings = {
				ASSETCATALOG_COMPILER_APPICON_NAME = AppIcon;
				ASSETCATALOG_COMPILER_GLOBAL_ACCENT_COLOR_NAME = AccentColor;
				CODE_SIGN_STYLE = Automatic;
				CURRENT_PROJECT_VERSION = 1;
				DEVELOPMENT_TEAM = 3568YSVNLB;
				GENERATE_INFOPLIST_FILE = YES;
				INFOPLIST_FILE = FinchViperTask/Info.plist;
				INFOPLIST_KEY_UIApplicationSupportsIndirectInputEvents = YES;
				INFOPLIST_KEY_UILaunchStoryboardName = LaunchScreen;
				INFOPLIST_KEY_UISupportedInterfaceOrientations = "UIInterfaceOrientationPortrait UIInterfaceOrientationLandscapeLeft UIInterfaceOrientationLandscapeRight";
				INFOPLIST_KEY_UISupportedInterfaceOrientations_iPad = "UIInterfaceOrientationPortrait UIInterfaceOrientationPortraitUpsideDown UIInterfaceOrientationLandscapeLeft UIInterfaceOrientationLandscapeRight";
				INFOPLIST_KEY_UISupportedInterfaceOrientations_iPhone = "UIInterfaceOrientationPortrait UIInterfaceOrientationLandscapeLeft UIInterfaceOrientationLandscapeRight";
				IPHONEOS_DEPLOYMENT_TARGET = 12.4;
				LD_RUNPATH_SEARCH_PATHS = (
					"$(inherited)",
					"@executable_path/Frameworks",
				);
				MARKETING_VERSION = 1.0;
				PRODUCT_BUNDLE_IDENTIFIER = AI.FinchViperTask;
				PRODUCT_NAME = "$(TARGET_NAME)";
				SWIFT_EMIT_LOC_STRINGS = YES;
				SWIFT_VERSION = 5.0;
				TARGETED_DEVICE_FAMILY = 1;
			};
			name = Debug;
		};
		FA3978932732C8B0005B9747 /* Release */ = {
			isa = XCBuildConfiguration;
			buildSettings = {
				ASSETCATALOG_COMPILER_APPICON_NAME = AppIcon;
				ASSETCATALOG_COMPILER_GLOBAL_ACCENT_COLOR_NAME = AccentColor;
				CODE_SIGN_STYLE = Automatic;
				CURRENT_PROJECT_VERSION = 1;
				DEVELOPMENT_TEAM = 3568YSVNLB;
				GENERATE_INFOPLIST_FILE = YES;
				INFOPLIST_FILE = FinchViperTask/Info.plist;
				INFOPLIST_KEY_UIApplicationSupportsIndirectInputEvents = YES;
				INFOPLIST_KEY_UILaunchStoryboardName = LaunchScreen;
				INFOPLIST_KEY_UISupportedInterfaceOrientations = "UIInterfaceOrientationPortrait UIInterfaceOrientationLandscapeLeft UIInterfaceOrientationLandscapeRight";
				INFOPLIST_KEY_UISupportedInterfaceOrientations_iPad = "UIInterfaceOrientationPortrait UIInterfaceOrientationPortraitUpsideDown UIInterfaceOrientationLandscapeLeft UIInterfaceOrientationLandscapeRight";
				INFOPLIST_KEY_UISupportedInterfaceOrientations_iPhone = "UIInterfaceOrientationPortrait UIInterfaceOrientationLandscapeLeft UIInterfaceOrientationLandscapeRight";
				IPHONEOS_DEPLOYMENT_TARGET = 12.4;
				LD_RUNPATH_SEARCH_PATHS = (
					"$(inherited)",
					"@executable_path/Frameworks",
				);
				MARKETING_VERSION = 1.0;
				PRODUCT_BUNDLE_IDENTIFIER = AI.FinchViperTask;
				PRODUCT_NAME = "$(TARGET_NAME)";
				SWIFT_EMIT_LOC_STRINGS = YES;
				SWIFT_VERSION = 5.0;
				TARGETED_DEVICE_FAMILY = 1;
			};
			name = Release;
		};
/* End XCBuildConfiguration section */

/* Begin XCConfigurationList section */
		FA3978782732C8B0005B9747 /* Build configuration list for PBXProject "FinchViperTask" */ = {
			isa = XCConfigurationList;
			buildConfigurations = (
				FA39788F2732C8B0005B9747 /* Debug */,
				FA3978902732C8B0005B9747 /* Release */,
			);
			defaultConfigurationIsVisible = 0;
			defaultConfigurationName = Release;
		};
		FA3978912732C8B0005B9747 /* Build configuration list for PBXNativeTarget "FinchViperTask" */ = {
			isa = XCConfigurationList;
			buildConfigurations = (
				FA3978922732C8B0005B9747 /* Debug */,
				FA3978932732C8B0005B9747 /* Release */,
			);
			defaultConfigurationIsVisible = 0;
			defaultConfigurationName = Release;
		};
/* End XCConfigurationList section */

/* Begin XCVersionGroup section */
		FA70852B2778EEEB00CF8457 /* NoteEntity.xcdatamodeld */ = {
			isa = XCVersionGroup;
			children = (
				FA70852C2778EEEB00CF8457 /* NoteEntity.xcdatamodel */,
			);
			currentVersion = FA70852C2778EEEB00CF8457 /* NoteEntity.xcdatamodel */;
			path = NoteEntity.xcdatamodeld;
			sourceTree = "<group>";
			versionGroupType = wrapper.xcdatamodel;
		};
/* End XCVersionGroup section */
	};
	rootObject = FA3978752732C8B0005B9747 /* Project object */;
}
